
Microsoft Visual Studio Solution File, Format Version 12.00
# Visual Studio Version 16
VisualStudioVersion = 16.0.29806.167
MinimumVisualStudioVersion = 10.0.40219.1
Project("{FAE04EC0-301F-11D3-BF4B-00C04F79EFBC}") = "FileSystem", "FileSystem\FileSystem.csproj", "{16C5FB16-825C-4DA4-8D35-1C01FE3D76B1}"
EndProject
Project("{FAE04EC0-301F-11D3-BF4B-00C04F79EFBC}") = "FileSystemVisitorConsol", "FileSystemVisitorConsol\FileSystemVisitorConsol.csproj", "{C15C9DAC-4C55-412F-9B26-5370A7C2F92E}"
EndProject
Project("{FAE04EC0-301F-11D3-BF4B-00C04F79EFBC}") = "FileSystem.Tests", "FileSystem.Tests\FileSystem.Tests.csproj", "{EBB707B5-2808-4710-BD61-0AC5D1ACF17B}"
EndProject
Global
	GlobalSection(SolutionConfigurationPlatforms) = preSolution
		Debug|Any CPU = Debug|Any CPU
		Release|Any CPU = Release|Any CPU
	EndGlobalSection
	GlobalSection(ProjectConfigurationPlatforms) = postSolution
		{16C5FB16-825C-4DA4-8D35-1C01FE3D76B1}.Debug|Any CPU.ActiveCfg = Debug|Any CPU
		{16C5FB16-825C-4DA4-8D35-1C01FE3D76B1}.Debug|Any CPU.Build.0 = Debug|Any CPU
		{16C5FB16-825C-4DA4-8D35-1C01FE3D76B1}.Release|Any CPU.ActiveCfg = Release|Any CPU
		{16C5FB16-825C-4DA4-8D35-1C01FE3D76B1}.Release|Any CPU.Build.0 = Release|Any CPU
		{C15C9DAC-4C55-412F-9B26-5370A7C2F92E}.Debug|Any CPU.ActiveCfg = Debug|Any CPU
		{C15C9DAC-4C55-412F-9B26-5370A7C2F92E}.Debug|Any CPU.Build.0 = Debug|Any CPU
		{C15C9DAC-4C55-412F-9B26-5370A7C2F92E}.Release|Any CPU.ActiveCfg = Release|Any CPU
		{C15C9DAC-4C55-412F-9B26-5370A7C2F92E}.Release|Any CPU.Build.0 = Release|Any CPU
		{EBB707B5-2808-4710-BD61-0AC5D1ACF17B}.Debug|Any CPU.ActiveCfg = Debug|Any CPU
		{EBB707B5-2808-4710-BD61-0AC5D1ACF17B}.Debug|Any CPU.Build.0 = Debug|Any CPU
		{EBB707B5-2808-4710-BD61-0AC5D1ACF17B}.Release|Any CPU.ActiveCfg = Release|Any CPU
		{EBB707B5-2808-4710-BD61-0AC5D1ACF17B}.Release|Any CPU.Build.0 = Release|Any CPU
	EndGlobalSection
	GlobalSection(SolutionProperties) = preSolution
		HideSolutionNode = FALSE
	EndGlobalSection
	GlobalSection(ExtensibilityGlobals) = postSolution
		SolutionGuid = {6C678E4D-DC73-49A1-B27F-E766D06E1B9D}
	EndGlobalSection
EndGlobal
